<?xml version="1.0" encoding="utf-8"?>
<Project ToolsVersion="4.0" xmlns="http://schemas.microsoft.com/developer/msbuild/2003">
  <ItemGroup>
    <Filter Include="源文件">
      <UniqueIdentifier>{4FC737F1-C7A5-4376-A066-2A32D752A2FF}</UniqueIdentifier>
      <Extensions>cpp;c;cc;cxx;def;odl;idl;hpj;bat;asm;asmx</Extensions>
    </Filter>
    <Filter Include="头文件">
      <UniqueIdentifier>{93995380-89BD-4b04-88EB-625FBE52EBFB}</UniqueIdentifier>
      <Extensions>h;hh;hpp;hxx;hm;inl;inc;xsd</Extensions>
    </Filter>
    <Filter Include="资源文件">
      <UniqueIdentifier>{67DA6AB6-F800-4c08-8B7A-83BB121AAD01}</UniqueIdentifier>
      <Extensions>rc;ico;cur;bmp;dlg;rc2;rct;bin;rgs;gif;jpg;jpeg;jpe;resx;tiff;tif;png;wav;mfcribbon-ms</Extensions>
    </Filter>
    <Filter Include="include">
      <UniqueIdentifier>{e3de21c1-4ff8-497a-a24e-f9bfb92ba5fb}</UniqueIdentifier>
    </Filter>
  </ItemGroup>
  <ItemGroup>
    <Text Include="ReadMe.txt" />
  </ItemGroup>
  <ItemGroup>
    <ClInclude Include="ExcelToXmlMFC.h">
      <Filter>头文件</Filter>
    </ClInclude>
    <ClInclude Include="ExcelToXmlMFCDlg.h">
      <Filter>头文件</Filter>
    </ClInclude>
    <ClInclude Include="stdafx.h">
      <Filter>头文件</Filter>
    </ClInclude>
    <ClInclude Include="targetver.h">
      <Filter>头文件</Filter>
    </ClInclude>
    <ClInclude Include="Resource.h">
      <Filter>头文件</Filter>
    </ClInclude>
    <ClInclude Include="ExcelConverToXml.h">
      <Filter>头文件</Filter>
    </ClInclude>
    <ClInclude Include="tinyxml2.h">
      <Filter>头文件</Filter>
    </ClInclude>
    <ClInclude Include="..\..\ExcelToXml2\include\setup.h">
      <Filter>include</Filter>
    </ClInclude>
    <ClInclude Include="..\..\ExcelToXml2\include\enum.h">
      <Filter>include</Filter>
    </ClInclude>
    <ClInclude Include="..\..\ExcelToXml2\include\IBookT.h">
      <Filter>include</Filter>
    </ClInclude>
    <ClInclude Include="..\..\ExcelToXml2\include\IFontT.h">
      <Filter>include</Filter>
    </ClInclude>
    <ClInclude Include="..\..\ExcelToXml2\include\IFormatT.h">
      <Filter>include</Filter>
    </ClInclude>
    <ClInclude Include="..\..\ExcelToXml2\include\ISheetT.h">
      <Filter>include</Filter>
    </ClInclude>
    <ClInclude Include="..\..\ExcelToXml2\include\libxl.h">
      <Filter>include</Filter>
    </ClInclude>
  </ItemGroup>
  <ItemGroup>
    <ClCompile Include="ExcelToXmlMFC.cpp">
      <Filter>源文件</Filter>
    </ClCompile>
    <ClCompile Include="ExcelToXmlMFCDlg.cpp">
      <Filter>源文件</Filter>
    </ClCompile>
    <ClCompile Include="stdafx.cpp">
      <Filter>源文件</Filter>
    </ClCompile>
    <ClCompile Include="ExcelConverToXml.cpp">
      <Filter>源文件</Filter>
    </ClCompile>
    <ClCompile Include="tinyxml2.cpp">
      <Filter>源文件</Filter>
    </ClCompile>
  </ItemGroup>
  <ItemGroup>
    <ResourceCompile Include="ExcelToXmlMFC.rc">
      <Filter>资源文件</Filter>
    </ResourceCompile>
  </ItemGroup>
  <ItemGroup>
    <None Include="res\ExcelToXmlMFC.rc2">
      <Filter>资源文件</Filter>
    </None>
  </ItemGroup>
  <ItemGroup>
    <Image Include="res\ExcelToXmlMFC.ico">
      <Filter>资源文件</Filter>
    </Image>
  </ItemGroup>
</Project>